
Microsoft Visual Studio Solution File, Format Version 12.00
# Visual Studio Version 17
VisualStudioVersion = 17.7.34221.43
MinimumVisualStudioVersion = 10.0.40219.1
Project("{FAE04EC0-301F-11D3-BF4B-00C04F79EFBC}") = "BGT_NTP_22Ara-1", "BGT_NTP_22Ara-1\BGT_NTP_22Ara-1.csproj", "{29FDA32C-CD3E-4889-A321-998FE62A57F6}"
EndProject
Global
	GlobalSection(SolutionConfigurationPlatforms) = preSolution
		Debug|Any CPU = Debug|Any CPU
		Release|Any CPU = Release|Any CPU
	EndGlobalSection
	GlobalSection(ProjectConfigurationPlatforms) = postSolution
		{29FDA32C-CD3E-4889-A321-998FE62A57F6}.Debug|Any CPU.ActiveCfg = Debug|Any CPU
		{29FDA32C-CD3E-4889-A321-998FE62A57F6}.Debug|Any CPU.Build.0 = Debug|Any CPU
		{29FDA32C-CD3E-4889-A321-998FE62A57F6}.Release|Any CPU.ActiveCfg = Release|Any CPU
		{29FDA32C-CD3E-4889-A321-998FE62A57F6}.Release|Any CPU.Build.0 = Release|Any CPU
	EndGlobalSection
	GlobalSection(SolutionProperties) = preSolution
		HideSolutionNode = FALSE
	EndGlobalSection
	GlobalSection(ExtensibilityGlobals) = postSolution
		SolutionGuid = {959C2E99-D9CF-4B42-B04E-9EF7387561D5}
	EndGlobalSection
EndGlobal
